
Microsoft Visual Studio Solution File, Format Version 12.00
# Visual Studio 2012
Project("{FAE04EC0-301F-11D3-BF4B-00C04F79EFBC}") = "MemeBuilder", "MemeBuilder\MemeBuilder.csproj", "{7BB39EDF-00F6-4B40-9212-5C0F31B62814}"
EndProject
Global
	GlobalSection(SolutionConfigurationPlatforms) = preSolution
		Debug|Any CPU = Debug|Any CPU
		Release|Any CPU = Release|Any CPU
	EndGlobalSection
	GlobalSection(ProjectConfigurationPlatforms) = postSolution
		{7BB39EDF-00F6-4B40-9212-5C0F31B62814}.Debug|Any CPU.ActiveCfg = Debug|Any CPU
		{7BB39EDF-00F6-4B40-9212-5C0F31B62814}.Debug|Any CPU.Build.0 = Debug|Any CPU
		{7BB39EDF-00F6-4B40-9212-5C0F31B62814}.Release|Any CPU.ActiveCfg = Release|Any CPU
		{7BB39EDF-00F6-4B40-9212-5C0F31B62814}.Release|Any CPU.Build.0 = Release|Any CPU
		{4A62352B-8971-478C-BD47-CEBDC7625BAA}.Debug|Any CPU.ActiveCfg = Debug|Any CPU
		{4A62352B-8971-478C-BD47-CEBDC7625BAA}.Debug|Any CPU.Build.0 = Debug|Any CPU
		{4A62352B-8971-478C-BD47-CEBDC7625BAA}.Release|Any CPU.ActiveCfg = Release|Any CPU
		{4A62352B-8971-478C-BD47-CEBDC7625BAA}.Release|Any CPU.Build.0 = Release|Any CPU
	EndGlobalSection
EndGlobal
